{
  "version": 4,
  "terraform_version": "1.1.3",
  "serial": 25,
  "lineage": "31097077-920e-167f-7daa-61f181be5536",
  "outputs": {
    "instance_id": {
      "value": "i-0176f6b2cdcd95f7a",
      "type": "string"
    },
    "instance_public_ip": {
      "value": "54.201.127.172",
      "type": "string"
    }
  },
  "resources": [
    {
      "mode": "managed",
      "type": "aws_instance",
      "name": "app_server",
      "provider": "provider[\"registry.terraform.io/hashicorp/aws\"]",
      "instances": [
        {
          "schema_version": 1,
          "attributes": {
            "ami": "ami-0892d3c7ee96c0bf7",
            "arn": "arn:aws:ec2:us-west-2:874856648153:instance/i-0176f6b2cdcd95f7a",
            "associate_public_ip_address": true,
            "availability_zone": "us-west-2c",
            "capacity_reservation_specification": [
              {
                "capacity_reservation_preference": "open",
                "capacity_reservation_target": []
              }
            ],
            "cpu_core_count": 1,
            "cpu_threads_per_core": 1,
            "credit_specification": [
              {
                "cpu_credits": "standard"
              }
            ],
            "disable_api_termination": false,
            "ebs_block_device": [],
            "ebs_optimized": false,
            "enclave_options": [
              {
                "enabled": false
              }
            ],
            "ephemeral_block_device": [],
            "get_password_data": false,
            "hibernation": false,
            "host_id": null,
            "iam_instance_profile": "",
            "id": "i-0176f6b2cdcd95f7a",
            "instance_initiated_shutdown_behavior": "stop",
            "instance_state": "running",
            "instance_type": "t2.micro",
            "ipv6_address_count": 0,
            "ipv6_addresses": [],
            "key_name": "ec2_key",
            "launch_template": [],
            "metadata_options": [
              {
                "http_endpoint": "enabled",
                "http_put_response_hop_limit": 1,
                "http_tokens": "optional",
                "instance_metadata_tags": "disabled"
              }
            ],
            "monitoring": false,
            "network_interface": [],
            "outpost_arn": "",
            "password_data": "",
            "placement_group": "",
            "placement_partition_number": null,
            "primary_network_interface_id": "eni-03bf18035db4b1461",
            "private_dns": "ip-172-31-0-31.us-west-2.compute.internal",
            "private_ip": "172.31.0.31",
            "public_dns": "ec2-54-201-127-172.us-west-2.compute.amazonaws.com",
            "public_ip": "54.201.127.172",
            "root_block_device": [
              {
                "delete_on_termination": true,
                "device_name": "/dev/sda1",
                "encrypted": false,
                "iops": 100,
                "kms_key_id": "",
                "tags": {},
                "throughput": 0,
                "volume_id": "vol-0dc4e69d129d7629a",
                "volume_size": 8,
                "volume_type": "gp2"
              }
            ],
            "secondary_private_ips": [],
            "security_groups": [
              "default"
            ],
            "source_dest_check": true,
            "subnet_id": "subnet-97a13bca",
            "tags": {
              "Name": "KubernetesInstanceMaster"
            },
            "tags_all": {
              "Name": "KubernetesInstanceMaster"
            },
            "tenancy": "default",
            "timeouts": null,
            "user_data": null,
            "user_data_base64": null,
            "volume_tags": null,
            "vpc_security_group_ids": [
              "sg-d689d8e3"
            ]
          },
          "sensitive_attributes": [],
          "private": "eyJlMmJmYjczMC1lY2FhLTExZTYtOGY4OC0zNDM2M2JjN2M0YzAiOnsiY3JlYXRlIjo2MDAwMDAwMDAwMDAsImRlbGV0ZSI6MTIwMDAwMDAwMDAwMCwidXBkYXRlIjo2MDAwMDAwMDAwMDB9LCJzY2hlbWFfdmVyc2lvbiI6IjEifQ=="
        }
      ]
    },
    {
      "mode": "managed",
      "type": "aws_key_pair",
      "name": "deployer",
      "provider": "provider[\"registry.terraform.io/hashicorp/aws\"]",
      "instances": [
        {
          "schema_version": 1,
          "attributes": {
            "arn": "arn:aws:ec2:us-west-2:874856648153:key-pair/ec2_key",
            "fingerprint": "e8:c0:24:0f:15:c6:50:43:26:35:3b:ba:13:a2:7a:32",
            "id": "ec2_key",
            "key_name": "ec2_key",
            "key_name_prefix": "",
            "key_pair_id": "key-022288b7163572e05",
            "public_key": "ssh-rsa AAAAB3NzaC1yc2EAAAADAQABAAABAQC2EbBNIMDBz7mGvx5BsHvqVxgX+CfR9Bq1pzskgGDRr/OTmlalxbMDLkp364VIphbdyOwfgF8obIzv1p2h5MczW/1MB1vtvM6/V2pLP2HDB1BL0rrIEV8/i/qQT8zF0zsuNb4SsMasKHN6uCJcMKN0Gpk26ZENSaLiQOP4OL1SFXny1XavXHp9g0oEL6GfpGrkUabYItOM+1JAM/YdPjpUfpw/HEh37h24nw14knpI//IpRIJHWn6PYec7hOD14Sis+t5k/NAYkrT0AyBFJkFTmMA0lpKjuSlmjtIjt1pDbD6uq3sRI2iw2StBgtVWAOJmA2x5biYIXZM+dU30LdRr safayet@safayet-MS-7D17",
            "tags": {},
            "tags_all": {}
          },
          "sensitive_attributes": [],
          "private": "eyJzY2hlbWFfdmVyc2lvbiI6IjEifQ=="
        }
      ]
    }
  ]
}
